
Microsoft Visual Studio Solution File, Format Version 12.00
# Visual Studio 15
VisualStudioVersion = 15.0.26730.16
MinimumVisualStudioVersion = 10.0.40219.1
Project("{FAE04EC0-301F-11D3-BF4B-00C04F79EFBC}") = "SampleAuth1", "SampleAuth1\SampleAuth1.csproj", "{B4E51398-D7D2-4A36-A163-E1A9A4D54F26}"
EndProject
Global
	GlobalSection(SolutionConfigurationPlatforms) = preSolution
		Debug|Any CPU = Debug|Any CPU
		Release|Any CPU = Release|Any CPU
	EndGlobalSection
	GlobalSection(ProjectConfigurationPlatforms) = postSolution
		{B4E51398-D7D2-4A36-A163-E1A9A4D54F26}.Debug|Any CPU.ActiveCfg = Debug|Any CPU
		{B4E51398-D7D2-4A36-A163-E1A9A4D54F26}.Debug|Any CPU.Build.0 = Debug|Any CPU
		{B4E51398-D7D2-4A36-A163-E1A9A4D54F26}.Release|Any CPU.ActiveCfg = Release|Any CPU
		{B4E51398-D7D2-4A36-A163-E1A9A4D54F26}.Release|Any CPU.Build.0 = Release|Any CPU
	EndGlobalSection
	GlobalSection(SolutionProperties) = preSolution
		HideSolutionNode = FALSE
	EndGlobalSection
	GlobalSection(ExtensibilityGlobals) = postSolution
		SolutionGuid = {AA4C6E76-C2F5-4D4A-A382-DE773E128718}
	EndGlobalSection
EndGlobal
